
Microsoft Visual Studio Solution File, Format Version 12.00
# Visual Studio Version 17
VisualStudioVersion = 17.14.36511.14
MinimumVisualStudioVersion = 10.0.40219.1
Project("{FAE04EC0-301F-11D3-BF4B-00C04F79EFBC}") = "MiniMate", "MiniMate\MiniMate.csproj", "{19AAB592-5EF9-4BF0-BDD8-17AF4CE903A8}"
EndProject
Project("{2150E333-8FDC-42A3-9474-1A3956D46DE8}") = "Modules", "Modules", "{CA253913-39DE-BFD0-C9A3-4B7EC6FBDF17}"
EndProject
Project("{FAE04EC0-301F-11D3-BF4B-00C04F79EFBC}") = "MiniMate.Modules.Location", "Modules\MiniMate.Modules.Location\MiniMate.Modules.Location.csproj", "{4AD2DBF2-6832-4F27-8B03-D9393C7483D5}"
EndProject
Global
	GlobalSection(SolutionConfigurationPlatforms) = preSolution
		Debug|Any CPU = Debug|Any CPU
		Debug|x64 = Debug|x64
		Debug|x86 = Debug|x86
		Release|Any CPU = Release|Any CPU
		Release|x64 = Release|x64
		Release|x86 = Release|x86
	EndGlobalSection
	GlobalSection(ProjectConfigurationPlatforms) = postSolution
		{19AAB592-5EF9-4BF0-BDD8-17AF4CE903A8}.Debug|Any CPU.ActiveCfg = Debug|Any CPU
		{19AAB592-5EF9-4BF0-BDD8-17AF4CE903A8}.Debug|Any CPU.Build.0 = Debug|Any CPU
		{19AAB592-5EF9-4BF0-BDD8-17AF4CE903A8}.Debug|x64.ActiveCfg = Debug|Any CPU
		{19AAB592-5EF9-4BF0-BDD8-17AF4CE903A8}.Debug|x64.Build.0 = Debug|Any CPU
		{19AAB592-5EF9-4BF0-BDD8-17AF4CE903A8}.Debug|x86.ActiveCfg = Debug|Any CPU
		{19AAB592-5EF9-4BF0-BDD8-17AF4CE903A8}.Debug|x86.Build.0 = Debug|Any CPU
		{19AAB592-5EF9-4BF0-BDD8-17AF4CE903A8}.Release|Any CPU.ActiveCfg = Release|Any CPU
		{19AAB592-5EF9-4BF0-BDD8-17AF4CE903A8}.Release|Any CPU.Build.0 = Release|Any CPU
		{19AAB592-5EF9-4BF0-BDD8-17AF4CE903A8}.Release|x64.ActiveCfg = Release|Any CPU
		{19AAB592-5EF9-4BF0-BDD8-17AF4CE903A8}.Release|x64.Build.0 = Release|Any CPU
		{19AAB592-5EF9-4BF0-BDD8-17AF4CE903A8}.Release|x86.ActiveCfg = Release|Any CPU
		{19AAB592-5EF9-4BF0-BDD8-17AF4CE903A8}.Release|x86.Build.0 = Release|Any CPU
		{4AD2DBF2-6832-4F27-8B03-D9393C7483D5}.Debug|Any CPU.ActiveCfg = Debug|Any CPU
		{4AD2DBF2-6832-4F27-8B03-D9393C7483D5}.Debug|Any CPU.Build.0 = Debug|Any CPU
		{4AD2DBF2-6832-4F27-8B03-D9393C7483D5}.Debug|x64.ActiveCfg = Debug|Any CPU
		{4AD2DBF2-6832-4F27-8B03-D9393C7483D5}.Debug|x64.Build.0 = Debug|Any CPU
		{4AD2DBF2-6832-4F27-8B03-D9393C7483D5}.Debug|x86.ActiveCfg = Debug|Any CPU
		{4AD2DBF2-6832-4F27-8B03-D9393C7483D5}.Debug|x86.Build.0 = Debug|Any CPU
		{4AD2DBF2-6832-4F27-8B03-D9393C7483D5}.Release|Any CPU.ActiveCfg = Release|Any CPU
		{4AD2DBF2-6832-4F27-8B03-D9393C7483D5}.Release|Any CPU.Build.0 = Release|Any CPU
		{4AD2DBF2-6832-4F27-8B03-D9393C7483D5}.Release|x64.ActiveCfg = Release|Any CPU
		{4AD2DBF2-6832-4F27-8B03-D9393C7483D5}.Release|x64.Build.0 = Release|Any CPU
		{4AD2DBF2-6832-4F27-8B03-D9393C7483D5}.Release|x86.ActiveCfg = Release|Any CPU
		{4AD2DBF2-6832-4F27-8B03-D9393C7483D5}.Release|x86.Build.0 = Release|Any CPU
	EndGlobalSection
	GlobalSection(SolutionProperties) = preSolution
		HideSolutionNode = FALSE
	EndGlobalSection
	GlobalSection(NestedProjects) = preSolution
		{4AD2DBF2-6832-4F27-8B03-D9393C7483D5} = {CA253913-39DE-BFD0-C9A3-4B7EC6FBDF17}
	EndGlobalSection
	GlobalSection(ExtensibilityGlobals) = postSolution
		SolutionGuid = {0199D32D-EE40-4984-A172-A56251E83B2A}
	EndGlobalSection
EndGlobal
